
Microsoft Visual Studio Solution File, Format Version 12.00
# Visual Studio Version 17
VisualStudioVersion = 17.6.33829.357
MinimumVisualStudioVersion = 10.0.40219.1
Project("{FAE04EC0-301F-11D3-BF4B-00C04F79EFBC}") = "TemperatureReader", "TemperatureReader.csproj", "{495DC98E-DAA2-4941-A3D2-C73C3E15E75D}"
EndProject
Global
	GlobalSection(SolutionConfigurationPlatforms) = preSolution
		Debug|Any CPU = Debug|Any CPU
		Release|Any CPU = Release|Any CPU
	EndGlobalSection
	GlobalSection(ProjectConfigurationPlatforms) = postSolution
		{495DC98E-DAA2-4941-A3D2-C73C3E15E75D}.Debug|Any CPU.ActiveCfg = Debug|Any CPU
		{495DC98E-DAA2-4941-A3D2-C73C3E15E75D}.Debug|Any CPU.Build.0 = Debug|Any CPU
		{495DC98E-DAA2-4941-A3D2-C73C3E15E75D}.Release|Any CPU.ActiveCfg = Release|Any CPU
		{495DC98E-DAA2-4941-A3D2-C73C3E15E75D}.Release|Any CPU.Build.0 = Release|Any CPU
	EndGlobalSection
	GlobalSection(SolutionProperties) = preSolution
		HideSolutionNode = FALSE
	EndGlobalSection
	GlobalSection(ExtensibilityGlobals) = postSolution
		SolutionGuid = {E044AF58-3F71-4232-B7AC-CF0018628C50}
	EndGlobalSection
EndGlobal
